// !$*UTF8*$!
{
	archiveVersion = 1;
	classes = {
	};
	objectVersion = 46;
	objects = {

/* Begin PBXBuildFile section */
		01532DAA137C099F0076F6BF /* icon.png in Resources */ = {isa = PBXBuildFile; fileRef = 01532DA9137C099F0076F6BF /* icon.png */; };
		129F4D50A810F618E4436EE7 /* libffi.a in Frameworks */ = {isa = PBXBuildFile; fileRef = 65A748BB940EFC1A5E754E0A /* libffi.a */; };
		15274A559F285C25D733EADD /* Photos.framework in Frameworks */ = {isa = PBXBuildFile; fileRef = AD7C4111856749D9DC487E80 /* Photos.framework */; };
		1C8B4D71903F626ADAF7C7D2 /* libsdl2.a in Frameworks */ = {isa = PBXBuildFile; fileRef = F73E4870BCC969319D0A5AD0 /* libsdl2.a */; };
		1C9A4222B6A69672352FF3BB /* libz.tbd in Frameworks */ = {isa = PBXBuildFile; fileRef = DEF647FC90EC87BDD2498B75 /* libz.tbd */; };
		1D60589B0D05DD56006BFB54 /* main.m in Sources */ = {isa = PBXBuildFile; fileRef = 29B97316FDCFA39411CA2CEA /* main.m */; };
		27DB4A2EAFA0CF5634E5AB5A /* WebKit.framework in Frameworks */ = {isa = PBXBuildFile; fileRef = 502D4E31B563F37A233869B7 /* WebKit.framework */; };
		28D548F6B9F46B33A329520B /* GameController.framework in Frameworks */ = {isa = PBXBuildFile; fileRef = C9CC4E0C9535B79A25B49613 /* GameController.framework */; };
		2B1346DAAE3F957071CF442E /* Metal.framework in Frameworks */ = {isa = PBXBuildFile; fileRef = C5754D3CAFBB61BD4AF861FD /* Metal.framework */; };
		2CB5F34717D5233A006187AB /* bridge.m in Sources */ = {isa = PBXBuildFile; fileRef = 2CB5F34617D5233A006187AB /* bridge.m */; };
		3133486D84F2EFF509AEE781 /* UIKit.framework in Frameworks */ = {isa = PBXBuildFile; fileRef = 8ACF44DCA2E82CE9A384C2FF /* UIKit.framework */; };
		3673499CAD172087288F7F9E /* libios.a in Frameworks */ = {isa = PBXBuildFile; fileRef = EB5D4E089BDB62FE7FB6D3B3 /* libios.a */; };
		3C344D3C8DF261E8017607C4 /* libsdl2_image.a in Frameworks */ = {isa = PBXBuildFile; fileRef = 3CF24B71BDAD42243A48845D /* libsdl2_image.a */; };
		4D3D439684BB59A42F384777 /* ImageIO.framework in Frameworks */ = {isa = PBXBuildFile; fileRef = 662F4875B0766D3392D31DBA /* ImageIO.framework */; };
		4E9041BDA81A40A07D4107E1 /* libcrypto.a in Frameworks */ = {isa = PBXBuildFile; fileRef = 31924CA3948F7A006F2C84FC /* libcrypto.a */; };
		54744194A21C8AE46A32401B /* CoreMedia.framework in Frameworks */ = {isa = PBXBuildFile; fileRef = 470B4B90A75E7622CCECAD72 /* CoreMedia.framework */; };
		56C14867994A5CE1B8328029 /* CoreMotion.framework in Frameworks */ = {isa = PBXBuildFile; fileRef = FFD149BB961C19B9E6C2DC4F /* CoreMotion.framework */; };
		59738AB51A8BB5D8001B2C0C /* lib in Resources */ = {isa = PBXBuildFile; fileRef = 59738AB41A8BB5D8001B2C0C /* lib */; };
		59738ABB1A8E19AA001B2C0C /* Images.xcassets in Resources */ = {isa = PBXBuildFile; fileRef = 59738ABA1A8E19AA001B2C0C /* Images.xcassets */; };
		59738ADB1A8E62D6001B2C0C /* Default-568h@2x.png in Resources */ = {isa = PBXBuildFile; fileRef = 59738AD01A8E62D6001B2C0C /* Default-568h@2x.png */; };
		59738ADC1A8E62D6001B2C0C /* Default-667h@2x.png in Resources */ = {isa = PBXBuildFile; fileRef = 59738AD11A8E62D6001B2C0C /* Default-667h@2x.png */; };
		59738ADD1A8E62D6001B2C0C /* Default-763h@3x.png in Resources */ = {isa = PBXBuildFile; fileRef = 59738AD21A8E62D6001B2C0C /* Default-763h@3x.png */; };
		59738ADE1A8E62D6001B2C0C /* Default-Landscape.png in Resources */ = {isa = PBXBuildFile; fileRef = 59738AD31A8E62D6001B2C0C /* Default-Landscape.png */; };
		59738ADF1A8E62D6001B2C0C /* Default-Landscape@2x.png in Resources */ = {isa = PBXBuildFile; fileRef = 59738AD41A8E62D6001B2C0C /* Default-Landscape@2x.png */; };
		59738AE01A8E62D6001B2C0C /* Default-Portrait.png in Resources */ = {isa = PBXBuildFile; fileRef = 59738AD51A8E62D6001B2C0C /* Default-Portrait.png */; };
		59738AE11A8E62D6001B2C0C /* Default-Portrait@2x~ipad.png in Resources */ = {isa = PBXBuildFile; fileRef = 59738AD61A8E62D6001B2C0C /* Default-Portrait@2x~ipad.png */; };
		59738AE21A8E62D6001B2C0C /* Default-Portrait@3x~ipad.png in Resources */ = {isa = PBXBuildFile; fileRef = 59738AD71A8E62D6001B2C0C /* Default-Portrait@3x~ipad.png */; };
		59738AE31A8E62D6001B2C0C /* Default.png in Resources */ = {isa = PBXBuildFile; fileRef = 59738AD81A8E62D6001B2C0C /* Default.png */; };
		59738AE41A8E62D6001B2C0C /* Default@2x.png in Resources */ = {isa = PBXBuildFile; fileRef = 59738AD91A8E62D6001B2C0C /* Default@2x.png */; };
		59738AE51A8E62D6001B2C0C /* Default@3x.png in Resources */ = {isa = PBXBuildFile; fileRef = 59738ADA1A8E62D6001B2C0C /* Default@3x.png */; };
		59994E3B148E85C800863906 /* YourApp in Resources */ = {isa = PBXBuildFile; fileRef = 59994E3A148E85C800863906 /* YourApp */; };
		59FDEA8B21E7D34E004E6ECE /* include in Resources */ = {isa = PBXBuildFile; fileRef = 59FDEA8A21E7D34E004E6ECE /* include */; };
		601A4887A2E33A2FDC5CB8CE /* Accelerate.framework in Frameworks */ = {isa = PBXBuildFile; fileRef = 691D4BA4B84D5253BAEE114A /* Accelerate.framework */; };
		65864CF291490406D3C0EDBB /* libkivy.a in Frameworks */ = {isa = PBXBuildFile; fileRef = D3FF47EB85D33FAA2128484D /* libkivy.a */; };
		6723475EB1CDDB0C9744E44D /* CoreGraphics.framework in Frameworks */ = {isa = PBXBuildFile; fileRef = F32547DEA8812BD28BF9A972 /* CoreGraphics.framework */; };
		7096414980622566ACDD6FF9 /* libc++.tbd in Frameworks */ = {isa = PBXBuildFile; fileRef = 467E4A0FBD6BD3DA4A5C4CF0 /* libc++.tbd */; };
		918749218F48D947307EDD0D /* libsdl2_mixer.a in Frameworks */ = {isa = PBXBuildFile; fileRef = 94A2490C993D8ABA585ACA54 /* libsdl2_mixer.a */; };
		922E4F71B5428C49BD5F3E3F /* libpyobjus.a in Frameworks */ = {isa = PBXBuildFile; fileRef = F293420DB13D4A990DF1DC86 /* libpyobjus.a */; };
		A97C43CC877FAC57B05ACE55 /* libbz2.tbd in Frameworks */ = {isa = PBXBuildFile; fileRef = A2CA4C03BD5AA1BF66E461A6 /* libbz2.tbd */; };
		B2FA4D988254EB4509F83D4A /* libpython3.a in Frameworks */ = {isa = PBXBuildFile; fileRef = 81D4496BB9759DEA184B446E /* libpython3.a */; };
		B5314222B83D7E358A39B92C /* AudioToolbox.framework in Frameworks */ = {isa = PBXBuildFile; fileRef = 467A4ACC8103EC65E95C08D6 /* AudioToolbox.framework */; };
		BD7949BDB599144271F261B6 /* CoreVideo.framework in Frameworks */ = {isa = PBXBuildFile; fileRef = 7428467CAB374DC418A0A0EA /* CoreVideo.framework */; };
		C351447788DEE06B7B83B527 /* libsdl2_ttf.a in Frameworks */ = {isa = PBXBuildFile; fileRef = F85F4D65A1C7F8A3B3374B01 /* libsdl2_ttf.a */; };
		C5704B99B1E8706C10A1D258 /* AVFoundation.framework in Frameworks */ = {isa = PBXBuildFile; fileRef = A792445F99BBC36D731E39F6 /* AVFoundation.framework */; };
		CAAB412FA5771A297A727514 /* MobileCoreServices.framework in Frameworks */ = {isa = PBXBuildFile; fileRef = 99084D29B9C42D1555B84037 /* MobileCoreServices.framework */; };
		D6FE48368A7D565845E508BC /* QuartzCore.framework in Frameworks */ = {isa = PBXBuildFile; fileRef = 88064F2784992CCD55B8D246 /* QuartzCore.framework */; };
		E5C04DE8BF2DEE7BC01707C5 /* MessageUI.framework in Frameworks */ = {isa = PBXBuildFile; fileRef = 2B4E45F7B8FBE5D999948BC4 /* MessageUI.framework */; };
		E8D44F04AB3365334A6AB038 /* libfreetype.a in Frameworks */ = {isa = PBXBuildFile; fileRef = A0A142D5A7D7AC6AF89CDB23 /* libfreetype.a */; };
		F3EA47018709E9802CC86790 /* libsqlite3.tbd in Frameworks */ = {isa = PBXBuildFile; fileRef = C766450A96525E5B63028301 /* libsqlite3.tbd */; };
		F4BE4B0E841811EE28D5EF30 /* OpenGLES.framework in Frameworks */ = {isa = PBXBuildFile; fileRef = B22648F6955C7FAE35D76517 /* OpenGLES.framework */; };
		FD184721A269FC66D6D24414 /* libssl.a in Frameworks */ = {isa = PBXBuildFile; fileRef = A22540098A26456F122C4C80 /* libssl.a */; };
/* End PBXBuildFile section */

/* Begin PBXFileReference section */
		01532DA9137C099F0076F6BF /* icon.png */ = {isa = PBXFileReference; lastKnownFileType = image.png; path = icon.png; sourceTree = "<group>"; };
		1D6058910D05DD3D006BFB54 /* remo.app */ = {isa = PBXFileReference; explicitFileType = wrapper.application; includeInIndex = 0; path = remo.app; sourceTree = BUILT_PRODUCTS_DIR; };
		29B97316FDCFA39411CA2CEA /* main.m */ = {isa = PBXFileReference; fileEncoding = 4; lastKnownFileType = sourcecode.c.objc; path = main.m; sourceTree = "<group>"; };
		2B4E45F7B8FBE5D999948BC4 /* MessageUI.framework */ = {isa = PBXFileReference; lastKnownFileType = wrapper.framework; name = MessageUI.framework; path = /Applications/Xcode.app/Contents/Developer/Platforms/iPhoneSimulator.platform/Developer/SDKs/iPhoneSimulator14.5.sdk/System/Library/Frameworks/MessageUI.framework; sourceTree = "<absolute>"; };
		2CB5F34517D5233A006187AB /* bridge.h */ = {isa = PBXFileReference; fileEncoding = 4; lastKnownFileType = sourcecode.c.h; path = bridge.h; sourceTree = SOURCE_ROOT; };
		2CB5F34617D5233A006187AB /* bridge.m */ = {isa = PBXFileReference; fileEncoding = 4; lastKnownFileType = sourcecode.c.objc; path = bridge.m; sourceTree = SOURCE_ROOT; };
		31924CA3948F7A006F2C84FC /* libcrypto.a */ = {isa = PBXFileReference; lastKnownFileType = archive.ar; name = libcrypto.a; path = ../dist/lib/libcrypto.a; sourceTree = SOURCE_ROOT; };
		3CF24B71BDAD42243A48845D /* libsdl2_image.a */ = {isa = PBXFileReference; lastKnownFileType = archive.ar; name = libsdl2_image.a; path = ../dist/lib/libsdl2_image.a; sourceTree = SOURCE_ROOT; };
		467A4ACC8103EC65E95C08D6 /* AudioToolbox.framework */ = {isa = PBXFileReference; lastKnownFileType = wrapper.framework; name = AudioToolbox.framework; path = /Applications/Xcode.app/Contents/Developer/Platforms/iPhoneSimulator.platform/Developer/SDKs/iPhoneSimulator14.5.sdk/System/Library/Frameworks/AudioToolbox.framework; sourceTree = "<absolute>"; };
		467E4A0FBD6BD3DA4A5C4CF0 /* libc++.tbd */ = {isa = PBXFileReference; lastKnownFileType = "sourcecode.text-based-dylib-definition"; name = "libc++.tbd"; path = "/Applications/Xcode.app/Contents/Developer/Platforms/iPhoneSimulator.platform/Developer/SDKs/iPhoneSimulator14.5.sdk/usr/lib/libc++.tbd"; sourceTree = "<absolute>"; };
		470B4B90A75E7622CCECAD72 /* CoreMedia.framework */ = {isa = PBXFileReference; lastKnownFileType = wrapper.framework; name = CoreMedia.framework; path = /Applications/Xcode.app/Contents/Developer/Platforms/iPhoneSimulator.platform/Developer/SDKs/iPhoneSimulator14.5.sdk/System/Library/Frameworks/CoreMedia.framework; sourceTree = "<absolute>"; };
		502D4E31B563F37A233869B7 /* WebKit.framework */ = {isa = PBXFileReference; lastKnownFileType = wrapper.framework; name = WebKit.framework; path = /Applications/Xcode.app/Contents/Developer/Platforms/iPhoneSimulator.platform/Developer/SDKs/iPhoneSimulator14.5.sdk/System/Library/Frameworks/WebKit.framework; sourceTree = "<absolute>"; };
		59738AB41A8BB5D8001B2C0C /* lib */ = {isa = PBXFileReference; lastKnownFileType = folder; name = lib; path = /Users/akira/Desktop/local/develop/remo/dist/root/python3/lib; sourceTree = "<group>"; };
		59738ABA1A8E19AA001B2C0C /* Images.xcassets */ = {isa = PBXFileReference; lastKnownFileType = folder.assetcatalog; name = Images.xcassets; path = remo/Images.xcassets; sourceTree = "<group>"; };
		59738AD01A8E62D6001B2C0C /* Default-568h@2x.png */ = {isa = PBXFileReference; lastKnownFileType = image.png; name = "Default-568h@2x.png"; path = "LaunchImages/Default-568h@2x.png"; sourceTree = "<group>"; };
		59738AD11A8E62D6001B2C0C /* Default-667h@2x.png */ = {isa = PBXFileReference; lastKnownFileType = image.png; name = "Default-667h@2x.png"; path = "LaunchImages/Default-667h@2x.png"; sourceTree = "<group>"; };
		59738AD21A8E62D6001B2C0C /* Default-763h@3x.png */ = {isa = PBXFileReference; lastKnownFileType = image.png; name = "Default-763h@3x.png"; path = "LaunchImages/Default-763h@3x.png"; sourceTree = "<group>"; };
		59738AD31A8E62D6001B2C0C /* Default-Landscape.png */ = {isa = PBXFileReference; lastKnownFileType = image.png; name = "Default-Landscape.png"; path = "LaunchImages/Default-Landscape.png"; sourceTree = "<group>"; };
		59738AD41A8E62D6001B2C0C /* Default-Landscape@2x.png */ = {isa = PBXFileReference; lastKnownFileType = image.png; name = "Default-Landscape@2x.png"; path = "LaunchImages/Default-Landscape@2x.png"; sourceTree = "<group>"; };
		59738AD51A8E62D6001B2C0C /* Default-Portrait.png */ = {isa = PBXFileReference; lastKnownFileType = image.png; name = "Default-Portrait.png"; path = "LaunchImages/Default-Portrait.png"; sourceTree = "<group>"; };
		59738AD61A8E62D6001B2C0C /* Default-Portrait@2x~ipad.png */ = {isa = PBXFileReference; lastKnownFileType = image.png; name = "Default-Portrait@2x~ipad.png"; path = "LaunchImages/Default-Portrait@2x~ipad.png"; sourceTree = "<group>"; };
		59738AD71A8E62D6001B2C0C /* Default-Portrait@3x~ipad.png */ = {isa = PBXFileReference; lastKnownFileType = image.png; name = "Default-Portrait@3x~ipad.png"; path = "LaunchImages/Default-Portrait@3x~ipad.png"; sourceTree = "<group>"; };
		59738AD81A8E62D6001B2C0C /* Default.png */ = {isa = PBXFileReference; lastKnownFileType = image.png; name = Default.png; path = LaunchImages/Default.png; sourceTree = "<group>"; };
		59738AD91A8E62D6001B2C0C /* Default@2x.png */ = {isa = PBXFileReference; lastKnownFileType = image.png; name = "Default@2x.png"; path = "LaunchImages/Default@2x.png"; sourceTree = "<group>"; };
		59738ADA1A8E62D6001B2C0C /* Default@3x.png */ = {isa = PBXFileReference; lastKnownFileType = image.png; name = "Default@3x.png"; path = "LaunchImages/Default@3x.png"; sourceTree = "<group>"; };
		59994E3A148E85C800863906 /* YourApp */ = {isa = PBXFileReference; lastKnownFileType = folder; path = YourApp; sourceTree = "<group>"; };
		59FDEA8A21E7D34E004E6ECE /* include */ = {isa = PBXFileReference; lastKnownFileType = folder; name = include; path = /Users/akira/Desktop/local/develop/remo/dist/root/python3/include; sourceTree = "<group>"; };
		65A748BB940EFC1A5E754E0A /* libffi.a */ = {isa = PBXFileReference; lastKnownFileType = archive.ar; name = libffi.a; path = ../dist/lib/libffi.a; sourceTree = SOURCE_ROOT; };
		662F4875B0766D3392D31DBA /* ImageIO.framework */ = {isa = PBXFileReference; lastKnownFileType = wrapper.framework; name = ImageIO.framework; path = /Applications/Xcode.app/Contents/Developer/Platforms/iPhoneSimulator.platform/Developer/SDKs/iPhoneSimulator14.5.sdk/System/Library/Frameworks/ImageIO.framework; sourceTree = "<absolute>"; };
		691D4BA4B84D5253BAEE114A /* Accelerate.framework */ = {isa = PBXFileReference; lastKnownFileType = wrapper.framework; name = Accelerate.framework; path = /Applications/Xcode.app/Contents/Developer/Platforms/iPhoneSimulator.platform/Developer/SDKs/iPhoneSimulator14.5.sdk/System/Library/Frameworks/Accelerate.framework; sourceTree = "<absolute>"; };
		7428467CAB374DC418A0A0EA /* CoreVideo.framework */ = {isa = PBXFileReference; lastKnownFileType = wrapper.framework; name = CoreVideo.framework; path = /Applications/Xcode.app/Contents/Developer/Platforms/iPhoneSimulator.platform/Developer/SDKs/iPhoneSimulator14.5.sdk/System/Library/Frameworks/CoreVideo.framework; sourceTree = "<absolute>"; };
		81D4496BB9759DEA184B446E /* libpython3.a */ = {isa = PBXFileReference; lastKnownFileType = archive.ar; name = libpython3.a; path = ../dist/lib/libpython3.a; sourceTree = SOURCE_ROOT; };
		88064F2784992CCD55B8D246 /* QuartzCore.framework */ = {isa = PBXFileReference; lastKnownFileType = wrapper.framework; name = QuartzCore.framework; path = /Applications/Xcode.app/Contents/Developer/Platforms/iPhoneSimulator.platform/Developer/SDKs/iPhoneSimulator14.5.sdk/System/Library/Frameworks/QuartzCore.framework; sourceTree = "<absolute>"; };
		8ACF44DCA2E82CE9A384C2FF /* UIKit.framework */ = {isa = PBXFileReference; lastKnownFileType = wrapper.framework; name = UIKit.framework; path = /Applications/Xcode.app/Contents/Developer/Platforms/iPhoneSimulator.platform/Developer/SDKs/iPhoneSimulator14.5.sdk/System/Library/Frameworks/UIKit.framework; sourceTree = "<absolute>"; };
		8D1107310486CEB800E47090 /* remo-Info.plist */ = {isa = PBXFileReference; fileEncoding = 4; lastKnownFileType = text.plist.xml; path = "remo-Info.plist"; plistStructureDefinitionIdentifier = "com.apple.xcode.plist.structure-definition.iphone.info-plist"; sourceTree = "<group>"; };
		94A2490C993D8ABA585ACA54 /* libsdl2_mixer.a */ = {isa = PBXFileReference; lastKnownFileType = archive.ar; name = libsdl2_mixer.a; path = ../dist/lib/libsdl2_mixer.a; sourceTree = SOURCE_ROOT; };
		99084D29B9C42D1555B84037 /* MobileCoreServices.framework */ = {isa = PBXFileReference; lastKnownFileType = wrapper.framework; name = MobileCoreServices.framework; path = /Applications/Xcode.app/Contents/Developer/Platforms/iPhoneSimulator.platform/Developer/SDKs/iPhoneSimulator14.5.sdk/System/Library/Frameworks/MobileCoreServices.framework; sourceTree = "<absolute>"; };
		A0A142D5A7D7AC6AF89CDB23 /* libfreetype.a */ = {isa = PBXFileReference; lastKnownFileType = archive.ar; name = libfreetype.a; path = ../dist/lib/libfreetype.a; sourceTree = SOURCE_ROOT; };
		A22540098A26456F122C4C80 /* libssl.a */ = {isa = PBXFileReference; lastKnownFileType = archive.ar; name = libssl.a; path = ../dist/lib/libssl.a; sourceTree = SOURCE_ROOT; };
		A2CA4C03BD5AA1BF66E461A6 /* libbz2.tbd */ = {isa = PBXFileReference; lastKnownFileType = "sourcecode.text-based-dylib-definition"; name = libbz2.tbd; path = /Applications/Xcode.app/Contents/Developer/Platforms/iPhoneSimulator.platform/Developer/SDKs/iPhoneSimulator14.5.sdk/usr/lib/libbz2.tbd; sourceTree = "<absolute>"; };
		A792445F99BBC36D731E39F6 /* AVFoundation.framework */ = {isa = PBXFileReference; lastKnownFileType = wrapper.framework; name = AVFoundation.framework; path = /Applications/Xcode.app/Contents/Developer/Platforms/iPhoneSimulator.platform/Developer/SDKs/iPhoneSimulator14.5.sdk/System/Library/Frameworks/AVFoundation.framework; sourceTree = "<absolute>"; };
		AD7C4111856749D9DC487E80 /* Photos.framework */ = {isa = PBXFileReference; lastKnownFileType = wrapper.framework; name = Photos.framework; path = /Applications/Xcode.app/Contents/Developer/Platforms/iPhoneSimulator.platform/Developer/SDKs/iPhoneSimulator14.5.sdk/System/Library/Frameworks/Photos.framework; sourceTree = "<absolute>"; };
		B22648F6955C7FAE35D76517 /* OpenGLES.framework */ = {isa = PBXFileReference; lastKnownFileType = wrapper.framework; name = OpenGLES.framework; path = /Applications/Xcode.app/Contents/Developer/Platforms/iPhoneSimulator.platform/Developer/SDKs/iPhoneSimulator14.5.sdk/System/Library/Frameworks/OpenGLES.framework; sourceTree = "<absolute>"; };
		C5754D3CAFBB61BD4AF861FD /* Metal.framework */ = {isa = PBXFileReference; lastKnownFileType = wrapper.framework; name = Metal.framework; path = /Applications/Xcode.app/Contents/Developer/Platforms/iPhoneSimulator.platform/Developer/SDKs/iPhoneSimulator14.5.sdk/System/Library/Frameworks/Metal.framework; sourceTree = "<absolute>"; };
		C766450A96525E5B63028301 /* libsqlite3.tbd */ = {isa = PBXFileReference; lastKnownFileType = "sourcecode.text-based-dylib-definition"; name = libsqlite3.tbd; path = /Applications/Xcode.app/Contents/Developer/Platforms/iPhoneSimulator.platform/Developer/SDKs/iPhoneSimulator14.5.sdk/usr/lib/libsqlite3.tbd; sourceTree = "<absolute>"; };
		C9CC4E0C9535B79A25B49613 /* GameController.framework */ = {isa = PBXFileReference; lastKnownFileType = wrapper.framework; name = GameController.framework; path = /Applications/Xcode.app/Contents/Developer/Platforms/iPhoneSimulator.platform/Developer/SDKs/iPhoneSimulator14.5.sdk/System/Library/Frameworks/GameController.framework; sourceTree = "<absolute>"; };
		D3FF47EB85D33FAA2128484D /* libkivy.a */ = {isa = PBXFileReference; lastKnownFileType = archive.ar; name = libkivy.a; path = ../dist/lib/libkivy.a; sourceTree = SOURCE_ROOT; };
		DEF647FC90EC87BDD2498B75 /* libz.tbd */ = {isa = PBXFileReference; lastKnownFileType = "sourcecode.text-based-dylib-definition"; name = libz.tbd; path = /Applications/Xcode.app/Contents/Developer/Platforms/iPhoneSimulator.platform/Developer/SDKs/iPhoneSimulator14.5.sdk/usr/lib/libz.tbd; sourceTree = "<absolute>"; };
		EB5D4E089BDB62FE7FB6D3B3 /* libios.a */ = {isa = PBXFileReference; lastKnownFileType = archive.ar; name = libios.a; path = ../dist/lib/libios.a; sourceTree = SOURCE_ROOT; };
		F293420DB13D4A990DF1DC86 /* libpyobjus.a */ = {isa = PBXFileReference; lastKnownFileType = archive.ar; name = libpyobjus.a; path = ../dist/lib/libpyobjus.a; sourceTree = SOURCE_ROOT; };
		F32547DEA8812BD28BF9A972 /* CoreGraphics.framework */ = {isa = PBXFileReference; lastKnownFileType = wrapper.framework; name = CoreGraphics.framework; path = /Applications/Xcode.app/Contents/Developer/Platforms/iPhoneSimulator.platform/Developer/SDKs/iPhoneSimulator14.5.sdk/System/Library/Frameworks/CoreGraphics.framework; sourceTree = "<absolute>"; };
		F73E4870BCC969319D0A5AD0 /* libsdl2.a */ = {isa = PBXFileReference; lastKnownFileType = archive.ar; name = libsdl2.a; path = ../dist/lib/libsdl2.a; sourceTree = SOURCE_ROOT; };
		F85F4D65A1C7F8A3B3374B01 /* libsdl2_ttf.a */ = {isa = PBXFileReference; lastKnownFileType = archive.ar; name = libsdl2_ttf.a; path = ../dist/lib/libsdl2_ttf.a; sourceTree = SOURCE_ROOT; };
		FFD149BB961C19B9E6C2DC4F /* CoreMotion.framework */ = {isa = PBXFileReference; lastKnownFileType = wrapper.framework; name = CoreMotion.framework; path = /Applications/Xcode.app/Contents/Developer/Platforms/iPhoneSimulator.platform/Developer/SDKs/iPhoneSimulator14.5.sdk/System/Library/Frameworks/CoreMotion.framework; sourceTree = "<absolute>"; };
/* End PBXFileReference section */

/* Begin PBXFrameworksBuildPhase section */
		1D60588F0D05DD3D006BFB54 /* Frameworks */ = {
			isa = PBXFrameworksBuildPhase;
			buildActionMask = 2147483647;
			files = (
				3133486D84F2EFF509AEE781 /* UIKit.framework in Frameworks */,
				601A4887A2E33A2FDC5CB8CE /* Accelerate.framework in Frameworks */,
				B5314222B83D7E358A39B92C /* AudioToolbox.framework in Frameworks */,
				E5C04DE8BF2DEE7BC01707C5 /* MessageUI.framework in Frameworks */,
				BD7949BDB599144271F261B6 /* CoreVideo.framework in Frameworks */,
				15274A559F285C25D733EADD /* Photos.framework in Frameworks */,
				28D548F6B9F46B33A329520B /* GameController.framework in Frameworks */,
				C5704B99B1E8706C10A1D258 /* AVFoundation.framework in Frameworks */,
				2B1346DAAE3F957071CF442E /* Metal.framework in Frameworks */,
				27DB4A2EAFA0CF5634E5AB5A /* WebKit.framework in Frameworks */,
				D6FE48368A7D565845E508BC /* QuartzCore.framework in Frameworks */,
				6723475EB1CDDB0C9744E44D /* CoreGraphics.framework in Frameworks */,
				4D3D439684BB59A42F384777 /* ImageIO.framework in Frameworks */,
				56C14867994A5CE1B8328029 /* CoreMotion.framework in Frameworks */,
				F4BE4B0E841811EE28D5EF30 /* OpenGLES.framework in Frameworks */,
				CAAB412FA5771A297A727514 /* MobileCoreServices.framework in Frameworks */,
				54744194A21C8AE46A32401B /* CoreMedia.framework in Frameworks */,
				A97C43CC877FAC57B05ACE55 /* libbz2.tbd in Frameworks */,
				1C9A4222B6A69672352FF3BB /* libz.tbd in Frameworks */,
				F3EA47018709E9802CC86790 /* libsqlite3.tbd in Frameworks */,
				7096414980622566ACDD6FF9 /* libc++.tbd in Frameworks */,
				1C8B4D71903F626ADAF7C7D2 /* libsdl2.a in Frameworks */,
				3673499CAD172087288F7F9E /* libios.a in Frameworks */,
				FD184721A269FC66D6D24414 /* libssl.a in Frameworks */,
				4E9041BDA81A40A07D4107E1 /* libcrypto.a in Frameworks */,
				3C344D3C8DF261E8017607C4 /* libsdl2_image.a in Frameworks */,
				918749218F48D947307EDD0D /* libsdl2_mixer.a in Frameworks */,
				129F4D50A810F618E4436EE7 /* libffi.a in Frameworks */,
				E8D44F04AB3365334A6AB038 /* libfreetype.a in Frameworks */,
				C351447788DEE06B7B83B527 /* libsdl2_ttf.a in Frameworks */,
				B2FA4D988254EB4509F83D4A /* libpython3.a in Frameworks */,
				922E4F71B5428C49BD5F3E3F /* libpyobjus.a in Frameworks */,
				65864CF291490406D3C0EDBB /* libkivy.a in Frameworks */,
			);
			runOnlyForDeploymentPostprocessing = 0;
		};
/* End PBXFrameworksBuildPhase section */

/* Begin PBXGroup section */
		080E96DDFE201D6D7F000001 /* Classes */ = {
			isa = PBXGroup;
			children = (
				2CB5F34517D5233A006187AB /* bridge.h */,
				2CB5F34617D5233A006187AB /* bridge.m */,
			);
			path = Classes;
			sourceTree = "<group>";
		};
		19C28FACFE9D520D11CA2CBB /* Products */ = {
			isa = PBXGroup;
			children = (
				1D6058910D05DD3D006BFB54 /* remo.app */,
			);
			name = Products;
			sourceTree = "<group>";
		};
		29B97314FDCFA39411CA2CEA /* CustomTemplate */ = {
			isa = PBXGroup;
			children = (
				080E96DDFE201D6D7F000001 /* Classes */,
				29B97315FDCFA39411CA2CEA /* Sources */,
				29B97317FDCFA39411CA2CEA /* Resources */,
				29B97323FDCFA39411CA2CEA /* Frameworks */,
				19C28FACFE9D520D11CA2CBB /* Products */,
			);
			name = CustomTemplate;
			sourceTree = "<group>";
		};
		29B97315FDCFA39411CA2CEA /* Sources */ = {
			isa = PBXGroup;
			children = (
				29B97316FDCFA39411CA2CEA /* main.m */,
				59994E3A148E85C800863906 /* YourApp */,
			);
			name = Sources;
			sourceTree = "<group>";
		};
		29B97317FDCFA39411CA2CEA /* Resources */ = {
			isa = PBXGroup;
			children = (
				59738ABA1A8E19AA001B2C0C /* Images.xcassets */,
				59738AB41A8BB5D8001B2C0C /* lib */,
				59FDEA8A21E7D34E004E6ECE /* include */,
				01532DA9137C099F0076F6BF /* icon.png */,
				8D1107310486CEB800E47090 /* remo-Info.plist */,
				59738AD01A8E62D6001B2C0C /* Default-568h@2x.png */,
				59738AD11A8E62D6001B2C0C /* Default-667h@2x.png */,
				59738AD21A8E62D6001B2C0C /* Default-763h@3x.png */,
				59738AD31A8E62D6001B2C0C /* Default-Landscape.png */,
				59738AD41A8E62D6001B2C0C /* Default-Landscape@2x.png */,
				59738AD51A8E62D6001B2C0C /* Default-Portrait.png */,
				59738AD61A8E62D6001B2C0C /* Default-Portrait@2x~ipad.png */,
				59738AD71A8E62D6001B2C0C /* Default-Portrait@3x~ipad.png */,
				59738AD81A8E62D6001B2C0C /* Default.png */,
				59738AD91A8E62D6001B2C0C /* Default@2x.png */,
				59738ADA1A8E62D6001B2C0C /* Default@3x.png */,
			);
			name = Resources;
			sourceTree = "<group>";
		};
		29B97323FDCFA39411CA2CEA /* Frameworks */ = {
			isa = PBXGroup;
			children = (
				8ACF44DCA2E82CE9A384C2FF /* UIKit.framework */,
				691D4BA4B84D5253BAEE114A /* Accelerate.framework */,
				467A4ACC8103EC65E95C08D6 /* AudioToolbox.framework */,
				2B4E45F7B8FBE5D999948BC4 /* MessageUI.framework */,
				7428467CAB374DC418A0A0EA /* CoreVideo.framework */,
				AD7C4111856749D9DC487E80 /* Photos.framework */,
				C9CC4E0C9535B79A25B49613 /* GameController.framework */,
				A792445F99BBC36D731E39F6 /* AVFoundation.framework */,
				C5754D3CAFBB61BD4AF861FD /* Metal.framework */,
				502D4E31B563F37A233869B7 /* WebKit.framework */,
				88064F2784992CCD55B8D246 /* QuartzCore.framework */,
				F32547DEA8812BD28BF9A972 /* CoreGraphics.framework */,
				662F4875B0766D3392D31DBA /* ImageIO.framework */,
				FFD149BB961C19B9E6C2DC4F /* CoreMotion.framework */,
				B22648F6955C7FAE35D76517 /* OpenGLES.framework */,
				99084D29B9C42D1555B84037 /* MobileCoreServices.framework */,
				470B4B90A75E7622CCECAD72 /* CoreMedia.framework */,
				A2CA4C03BD5AA1BF66E461A6 /* libbz2.tbd */,
				DEF647FC90EC87BDD2498B75 /* libz.tbd */,
				C766450A96525E5B63028301 /* libsqlite3.tbd */,
				467E4A0FBD6BD3DA4A5C4CF0 /* libc++.tbd */,
				F73E4870BCC969319D0A5AD0 /* libsdl2.a */,
				EB5D4E089BDB62FE7FB6D3B3 /* libios.a */,
				A22540098A26456F122C4C80 /* libssl.a */,
				31924CA3948F7A006F2C84FC /* libcrypto.a */,
				3CF24B71BDAD42243A48845D /* libsdl2_image.a */,
				94A2490C993D8ABA585ACA54 /* libsdl2_mixer.a */,
				65A748BB940EFC1A5E754E0A /* libffi.a */,
				A0A142D5A7D7AC6AF89CDB23 /* libfreetype.a */,
				F85F4D65A1C7F8A3B3374B01 /* libsdl2_ttf.a */,
				81D4496BB9759DEA184B446E /* libpython3.a */,
				F293420DB13D4A990DF1DC86 /* libpyobjus.a */,
				D3FF47EB85D33FAA2128484D /* libkivy.a */,
			);
			name = Frameworks;
			sourceTree = "<group>";
		};
/* End PBXGroup section */

/* Begin PBXNativeTarget section */
		1D6058900D05DD3D006BFB54 /* remo */ = {
			isa = PBXNativeTarget;
			buildConfigurationList = 1D6058960D05DD3E006BFB54 /* Build configuration list for PBXNativeTarget "remo" */;
			buildPhases = (
				113D17E2153E3DB5001310A5 /* ShellScript */,
				113D17E2153E3DB5001310A6 /* ShellScript */,
				113D17E2153E3DB5001310A7 /* ShellScript */,
				1D60588D0D05DD3D006BFB54 /* Resources */,
				1D60588E0D05DD3D006BFB54 /* Sources */,
				1D60588F0D05DD3D006BFB54 /* Frameworks */,
			);
			buildRules = (
			);
			dependencies = (
			);
			name = remo;
			productName = remo;
			productReference = 1D6058910D05DD3D006BFB54 /* remo.app */;
			productType = "com.apple.product-type.application";
		};
/* End PBXNativeTarget section */

/* Begin PBXProject section */
		29B97313FDCFA39411CA2CEA /* Project object */ = {
			isa = PBXProject;
			attributes = {
				LastUpgradeCheck = 0610;
				TargetAttributes = {
					1D6058900D05DD3D006BFB54 = {
						DevelopmentTeam = DF9BWJRDP5;
					};
				};
			};
			buildConfigurationList = C01FCF4E08A954540054247B /* Build configuration list for PBXProject "remo" */;
			compatibilityVersion = "Xcode 3.2";
			developmentRegion = English;
			hasScannedForEncodings = 1;
			knownRegions = (
				English,
				Japanese,
				French,
				German,
			);
			mainGroup = 29B97314FDCFA39411CA2CEA /* CustomTemplate */;
			projectDirPath = "";
			projectRoot = "";
			targets = (
				1D6058900D05DD3D006BFB54 /* remo */,
			);
		};
/* End PBXProject section */

/* Begin PBXResourcesBuildPhase section */
		1D60588D0D05DD3D006BFB54 /* Resources */ = {
			isa = PBXResourcesBuildPhase;
			buildActionMask = 2147483647;
			files = (
				59738AE41A8E62D6001B2C0C /* Default@2x.png in Resources */,
				59738AB51A8BB5D8001B2C0C /* lib in Resources */,
				59FDEA8B21E7D34E004E6ECE /* include in Resources */,
				59738ABB1A8E19AA001B2C0C /* Images.xcassets in Resources */,
				59738ADE1A8E62D6001B2C0C /* Default-Landscape.png in Resources */,
				59738AE31A8E62D6001B2C0C /* Default.png in Resources */,
				01532DAA137C099F0076F6BF /* icon.png in Resources */,
				59994E3B148E85C800863906 /* YourApp in Resources */,
				59738AE11A8E62D6001B2C0C /* Default-Portrait@2x~ipad.png in Resources */,
				59738AE01A8E62D6001B2C0C /* Default-Portrait.png in Resources */,
				59738ADC1A8E62D6001B2C0C /* Default-667h@2x.png in Resources */,
				59738ADB1A8E62D6001B2C0C /* Default-568h@2x.png in Resources */,
				59738ADD1A8E62D6001B2C0C /* Default-763h@3x.png in Resources */,
				59738AE21A8E62D6001B2C0C /* Default-Portrait@3x~ipad.png in Resources */,
				59738AE51A8E62D6001B2C0C /* Default@3x.png in Resources */,
				59738ADF1A8E62D6001B2C0C /* Default-Landscape@2x.png in Resources */,
			);
			runOnlyForDeploymentPostprocessing = 0;
		};
/* End PBXResourcesBuildPhase section */

/* Begin PBXShellScriptBuildPhase section */
		113D17E2153E3DB5001310A5 /* ShellScript */ = {
			isa = PBXShellScriptBuildPhase;
			buildActionMask = 12;
			files = (
			);
			inputPaths = (
			);
			outputPaths = (
			);
			runOnlyForDeploymentPostprocessing = 0;
			shellPath = /bin/bash;
			shellScript = "rsync -av --delete \"/Users/akira/Desktop/local/develop/remo/app\"/ \"$PROJECT_DIR\"/YourApp";
		};
		113D17E2153E3DB5001310A6 /* ShellScript */ = {
			isa = PBXShellScriptBuildPhase;
			buildActionMask = 12;
			files = (
			);
			inputPaths = (
			);
			outputPaths = (
			);
			runOnlyForDeploymentPostprocessing = 0;
			shellPath = /bin/bash;
			shellScript = "/Users/akira/Desktop/local/develop/remo/dist/hostpython3/bin/python -m compileall -f -b \"$PROJECT_DIR\"/YourApp";
		};
		113D17E2153E3DB5001310A7 /* ShellScript */ = {
			isa = PBXShellScriptBuildPhase;
			buildActionMask = 12;
			files = (
			);
			inputPaths = (
			);
			outputPaths = (
			);
			runOnlyForDeploymentPostprocessing = 0;
			shellPath = /bin/bash;
			shellScript = "find \"$PROJECT_DIR\"/YourApp/ -regex '.*\\.py' -delete";
		};
/* End PBXShellScriptBuildPhase section */

/* Begin PBXSourcesBuildPhase section */
		1D60588E0D05DD3D006BFB54 /* Sources */ = {
			isa = PBXSourcesBuildPhase;
			buildActionMask = 2147483647;
			files = (
				1D60589B0D05DD56006BFB54 /* main.m in Sources */,
				2CB5F34717D5233A006187AB /* bridge.m in Sources */,
			);
			runOnlyForDeploymentPostprocessing = 0;
		};
/* End PBXSourcesBuildPhase section */

/* Begin XCBuildConfiguration section */
		1D6058940D05DD3E006BFB54 /* Debug */ = {
			isa = XCBuildConfiguration;
			buildSettings = {
				ALWAYS_SEARCH_USER_PATHS = NO;
				ASSETCATALOG_COMPILER_APPICON_NAME = AppIcon;
				CODE_SIGN_IDENTITY = "iPhone Developer";
				"CODE_SIGN_IDENTITY[sdk=iphoneos*]" = "iPhone Developer";
				COPY_PHASE_STRIP = NO;
				DEVELOPMENT_TEAM = DF9BWJRDP5;
				EXCLUDED_ARCHS = "";
				"EXCLUDED_ARCHS[sdk=iphonesimulator*]" = arm64;
				FRAMEWORK_SEARCH_PATHS = (
					/Users/akira/Desktop/local/develop/remo/dist/frameworks,
					/Applications/Xcode.app/Contents/Developer/Platforms/iPhoneSimulator.platform/Developer/SDKs/iPhoneSimulator14.5.sdk/System/Library/Frameworks,
					"$(inherited)",
				);
				GCC_DYNAMIC_NO_PIC = NO;
				GCC_OPTIMIZATION_LEVEL = 0;
				GCC_PRECOMPILE_PREFIX_HEADER = YES;
				GCC_PREFIX_HEADER = "";
				GCC_PREPROCESSOR_DEFINITIONS = "DEBUG=1";
				GCC_VERSION = com.apple.compilers.llvm.clang.1_0;
				HEADER_SEARCH_PATHS = (
					"/Users/akira/Desktop/local/develop/remo/dist/root/python3/include/python3.8/**",
					/Users/akira/Desktop/local/develop/remo/dist/include/common/sdl2,
				);
				INFOPLIST_FILE = "remo-Info.plist";
				IPHONEOS_DEPLOYMENT_TARGET = 8.1;
				LIBRARY_SEARCH_PATHS = (
					"$(inherited)",
					/Users/akira/Desktop/local/develop/remo/dist/lib,
					/Applications/Xcode.app/Contents/Developer/Platforms/iPhoneSimulator.platform/Developer/SDKs/iPhoneSimulator14.5.sdk/usr/lib,
					"$(SRCROOT)/../dist/lib",
				);
				ONLY_ACTIVE_ARCH = NO;
				OTHER_LDFLAGS = "-all_load";
				PRODUCT_NAME = remo;
				PROVISIONING_PROFILE = "";
				"PROVISIONING_PROFILE[sdk=iphoneos*]" = "";
				SDKROOT = iphoneos;
				STRIP_INSTALLED_PRODUCT = NO;
				TARGETED_DEVICE_FAMILY = "1,2";
				USER_HEADER_SEARCH_PATHS = "";
			};
			name = Debug;
		};
		1D6058950D05DD3E006BFB54 /* Release */ = {
			isa = XCBuildConfiguration;
			buildSettings = {
				ALWAYS_SEARCH_USER_PATHS = NO;
				ASSETCATALOG_COMPILER_APPICON_NAME = AppIcon;
				CODE_SIGN_IDENTITY = "iPhone Developer";
				"CODE_SIGN_IDENTITY[sdk=iphoneos*]" = "iPhone Developer";
				CODE_SIGN_RESOURCE_RULES_PATH = "$(SDKROOT)/ResourceRules.plist";
				COPY_PHASE_STRIP = NO;
				DEVELOPMENT_TEAM = DF9BWJRDP5;
				EXCLUDED_ARCHS = "";
				"EXCLUDED_ARCHS[sdk=iphonesimulator*]" = arm64;
				FRAMEWORK_SEARCH_PATHS = (
					/Users/akira/Desktop/local/develop/remo/dist/frameworks,
					/Applications/Xcode.app/Contents/Developer/Platforms/iPhoneSimulator.platform/Developer/SDKs/iPhoneSimulator14.5.sdk/System/Library/Frameworks,
					"$(inherited)",
				);
				GCC_PRECOMPILE_PREFIX_HEADER = YES;
				GCC_PREFIX_HEADER = "";
				GCC_VERSION = com.apple.compilers.llvm.clang.1_0;
				HEADER_SEARCH_PATHS = (
					"/Users/akira/Desktop/local/develop/remo/dist/root/python3/include/python3.8/**",
					/Users/akira/Desktop/local/develop/remo/dist/include/common/sdl2,
				);
				INFOPLIST_FILE = "remo-Info.plist";
				IPHONEOS_DEPLOYMENT_TARGET = 8.1;
				LIBRARY_SEARCH_PATHS = (
					"$(inherited)",
					/Users/akira/Desktop/local/develop/remo/dist/lib,
					/Applications/Xcode.app/Contents/Developer/Platforms/iPhoneSimulator.platform/Developer/SDKs/iPhoneSimulator14.5.sdk/usr/lib,
					"$(SRCROOT)/../dist/lib",
				);
				OTHER_LDFLAGS = "-all_load";
				PRODUCT_NAME = remo;
				PROVISIONING_PROFILE = "";
				"PROVISIONING_PROFILE[sdk=iphoneos*]" = "";
				SDKROOT = iphoneos;
				SKIP_INSTALL = NO;
				STRIP_INSTALLED_PRODUCT = NO;
				TARGETED_DEVICE_FAMILY = "1,2";
				USER_HEADER_SEARCH_PATHS = "";
				VALIDATE_PRODUCT = YES;
			};
			name = Release;
		};
		C01FCF4F08A954540054247B /* Debug */ = {
			isa = XCBuildConfiguration;
			buildSettings = {
				ARCHS = "$(ARCHS_STANDARD_64_BIT)";
				DEAD_CODE_STRIPPING = NO;
				ENABLE_BITCODE = NO;
				USER_HEADER_SEARCH_PATHS = /Users/akira/Desktop/local/develop/remo/dist/root/include/;
			};
			name = Debug;
		};
		C01FCF5008A954540054247B /* Release */ = {
			isa = XCBuildConfiguration;
			buildSettings = {
				ARCHS = "$(ARCHS_STANDARD_64_BIT)";
				DEAD_CODE_STRIPPING = NO;
				ENABLE_BITCODE = NO;
				OTHER_CFLAGS = "-DNS_BLOCK_ASSERTIONS=1";
				USER_HEADER_SEARCH_PATHS = /Users/akira/Desktop/local/develop/remo/dist/root/include/;
			};
			name = Release;
		};
/* End XCBuildConfiguration section */

/* Begin XCConfigurationList section */
		1D6058960D05DD3E006BFB54 /* Build configuration list for PBXNativeTarget "remo" */ = {
			isa = XCConfigurationList;
			buildConfigurations = (
				1D6058940D05DD3E006BFB54 /* Debug */,
				1D6058950D05DD3E006BFB54 /* Release */,
			);
			defaultConfigurationIsVisible = 0;
			defaultConfigurationName = Release;
		};
		C01FCF4E08A954540054247B /* Build configuration list for PBXProject "remo" */ = {
			isa = XCConfigurationList;
			buildConfigurations = (
				C01FCF4F08A954540054247B /* Debug */,
				C01FCF5008A954540054247B /* Release */,
			);
			defaultConfigurationIsVisible = 0;
			defaultConfigurationName = Release;
		};
/* End XCConfigurationList section */
	};
	rootObject = 29B97313FDCFA39411CA2CEA /* Project object */;
}
